
Microsoft Visual Studio Solution File, Format Version 12.00
# Visual Studio Version 16
VisualStudioVersion = 16.0.31829.152
MinimumVisualStudioVersion = 10.0.40219.1
Project("{FAE04EC0-301F-11D3-BF4B-00C04F79EFBC}") = "GITPractise", "GITPractise.csproj", "{11950845-35D6-4454-86EC-D5675235F17B}"
EndProject
Global
	GlobalSection(SolutionConfigurationPlatforms) = preSolution
		Debug|Any CPU = Debug|Any CPU
		Release|Any CPU = Release|Any CPU
	EndGlobalSection
	GlobalSection(ProjectConfigurationPlatforms) = postSolution
		{11950845-35D6-4454-86EC-D5675235F17B}.Debug|Any CPU.ActiveCfg = Debug|Any CPU
		{11950845-35D6-4454-86EC-D5675235F17B}.Debug|Any CPU.Build.0 = Debug|Any CPU
		{11950845-35D6-4454-86EC-D5675235F17B}.Release|Any CPU.ActiveCfg = Release|Any CPU
		{11950845-35D6-4454-86EC-D5675235F17B}.Release|Any CPU.Build.0 = Release|Any CPU
	EndGlobalSection
	GlobalSection(SolutionProperties) = preSolution
		HideSolutionNode = FALSE
	EndGlobalSection
	GlobalSection(ExtensibilityGlobals) = postSolution
		SolutionGuid = {12301C21-1A76-4A8E-A290-3D6EAECA6A4F}
	EndGlobalSection
EndGlobal
